
Microsoft Visual Studio Solution File, Format Version 12.00
# Visual Studio 14
VisualStudioVersion = 14.0.25420.1
MinimumVisualStudioVersion = 10.0.40219.1
Project("{FAE04EC0-301F-11D3-BF4B-00C04F79EFBC}") = "ChickenOrEgg", "ConsoleApplication1\ChickenOrEgg.csproj", "{D37B162A-8693-4536-9405-5DBB182AEB28}"
EndProject
Project("{FAE04EC0-301F-11D3-BF4B-00C04F79EFBC}") = "WCFLibrary", "WCF Service\WCFLibrary.csproj", "{349A4266-F3CA-4ACF-BB1B-1B2BFC3C3741}"
EndProject
Project("{FAE04EC0-301F-11D3-BF4B-00C04F79EFBC}") = "CORPOSDEMO", "ConsoleApplication2\CORPOSDEMO.csproj", "{F729DC6B-2F8D-4A54-AE35-1650B2132B35}"
EndProject
Global
	GlobalSection(SolutionConfigurationPlatforms) = preSolution
		Debug|Any CPU = Debug|Any CPU
		Release|Any CPU = Release|Any CPU
	EndGlobalSection
	GlobalSection(ProjectConfigurationPlatforms) = postSolution
		{D37B162A-8693-4536-9405-5DBB182AEB28}.Debug|Any CPU.ActiveCfg = Debug|Any CPU
		{D37B162A-8693-4536-9405-5DBB182AEB28}.Debug|Any CPU.Build.0 = Debug|Any CPU
		{D37B162A-8693-4536-9405-5DBB182AEB28}.Release|Any CPU.ActiveCfg = Release|Any CPU
		{D37B162A-8693-4536-9405-5DBB182AEB28}.Release|Any CPU.Build.0 = Release|Any CPU
		{349A4266-F3CA-4ACF-BB1B-1B2BFC3C3741}.Debug|Any CPU.ActiveCfg = Debug|Any CPU
		{349A4266-F3CA-4ACF-BB1B-1B2BFC3C3741}.Debug|Any CPU.Build.0 = Debug|Any CPU
		{349A4266-F3CA-4ACF-BB1B-1B2BFC3C3741}.Release|Any CPU.ActiveCfg = Release|Any CPU
		{349A4266-F3CA-4ACF-BB1B-1B2BFC3C3741}.Release|Any CPU.Build.0 = Release|Any CPU
		{F729DC6B-2F8D-4A54-AE35-1650B2132B35}.Debug|Any CPU.ActiveCfg = Debug|Any CPU
		{F729DC6B-2F8D-4A54-AE35-1650B2132B35}.Debug|Any CPU.Build.0 = Debug|Any CPU
		{F729DC6B-2F8D-4A54-AE35-1650B2132B35}.Release|Any CPU.ActiveCfg = Release|Any CPU
		{F729DC6B-2F8D-4A54-AE35-1650B2132B35}.Release|Any CPU.Build.0 = Release|Any CPU
	EndGlobalSection
	GlobalSection(SolutionProperties) = preSolution
		HideSolutionNode = FALSE
	EndGlobalSection
EndGlobal
